
Microsoft Visual Studio Solution File, Format Version 12.00
# Visual Studio Version 17
VisualStudioVersion = 17.4.33205.214
MinimumVisualStudioVersion = 10.0.40219.1
Project("{8BC9CEB8-8B4A-11D0-8D11-00A0C91BC942}") = "BICgRPCmicroserver", "BICgRPCServer\cmake\build\BICgRPCmicroserver.vcxproj", "{E1E67DB9-6ECD-3BD1-8423-CF96620D6C60}"
EndProject
Project("{2150E333-8FDC-42A3-9474-1A3956D46DE8}") = "Protos", "Protos", "{A76888E9-2F83-4C6C-B552-17DB59E1DCB3}"
	ProjectSection(SolutionItems) = preProject
		Protos\BICgRPC.proto = Protos\BICgRPC.proto
	EndProjectSection
EndProject
Project("{FAE04EC0-301F-11D3-BF4B-00C04F79EFBC}") = "RealtimeGraphing", "Client Examples\RealtimeGraphing\RealtimeGraphing.csproj", "{F288013B-9EA4-4BFF-8B22-A9FAD92C3134}"
EndProject
Project("{FAE04EC0-301F-11D3-BF4B-00C04F79EFBC}") = "BICgRPC_wpfLib", "Client Examples\BICgRPC_wpfLib\BICgRPC_wpfLib.csproj", "{68D2A478-E48C-401B-8BFA-2C1E05235911}"
EndProject
Project("{FAE04EC0-301F-11D3-BF4B-00C04F79EFBC}") = "StimTherapyApp", "Client Examples\StimTherapyApp\StimTherapyApp.csproj", "{8148C8EA-986F-42C0-976C-0CEB1BFB8100}"
EndProject
Project("{FAE04EC0-301F-11D3-BF4B-00C04F79EFBC}") = "ConsoleApp", "Client Examples\ConsoleApp\ConsoleApp.csproj", "{32E37419-6807-428B-B21D-1503AD1D7E93}"
EndProject
Project("{FAE04EC0-301F-11D3-BF4B-00C04F79EFBC}") = "EvokedPotentialsApp", "Client Examples\EvokedPotentialsApp\EvokedPotentialsApp.csproj", "{3D04B370-07EC-41CA-80A1-1EFE479ABFC9}"
EndProject
Project("{FAE04EC0-301F-11D3-BF4B-00C04F79EFBC}") = "MotorEvokedPotentialsApp", "Client Examples\MotorEvokedPotentialsApp\MotorEvokedPotentialsApp.csproj", "{6AA05DC4-D743-44A8-AE46-FE02EC1DC447}"
EndProject
Global
	GlobalSection(SolutionConfigurationPlatforms) = preSolution
		Debug|Any CPU = Debug|Any CPU
		Debug|x64 = Debug|x64
		Release|Any CPU = Release|Any CPU
		Release|x64 = Release|x64
	EndGlobalSection
	GlobalSection(ProjectConfigurationPlatforms) = postSolution
		{E1E67DB9-6ECD-3BD1-8423-CF96620D6C60}.Debug|x64.ActiveCfg = Debug|x64
		{E1E67DB9-6ECD-3BD1-8423-CF96620D6C60}.Debug|x64.Build.0 = Debug|x64
		{E1E67DB9-6ECD-3BD1-8423-CF96620D6C60}.Release|x64.ActiveCfg = Release|x64
		{E1E67DB9-6ECD-3BD1-8423-CF96620D6C60}.Release|x64.Build.0 = Release|x64
		{F288013B-9EA4-4BFF-8B22-A9FAD92C3134}.Debug|x64.ActiveCfg = Debug|Any CPU
		{F288013B-9EA4-4BFF-8B22-A9FAD92C3134}.Debug|x64.Build.0 = Debug|Any CPU
		{F288013B-9EA4-4BFF-8B22-A9FAD92C3134}.Release|x64.ActiveCfg = Release|Any CPU
		{F288013B-9EA4-4BFF-8B22-A9FAD92C3134}.Release|x64.Build.0 = Release|Any CPU
		{68D2A478-E48C-401B-8BFA-2C1E05235911}.Debug|x64.ActiveCfg = Debug|Any CPU
		{68D2A478-E48C-401B-8BFA-2C1E05235911}.Debug|x64.Build.0 = Debug|Any CPU
		{68D2A478-E48C-401B-8BFA-2C1E05235911}.Release|x64.ActiveCfg = Release|Any CPU
		{68D2A478-E48C-401B-8BFA-2C1E05235911}.Release|x64.Build.0 = Release|Any CPU
		{8148C8EA-986F-42C0-976C-0CEB1BFB8100}.Debug|x64.ActiveCfg = Debug|Any CPU
		{8148C8EA-986F-42C0-976C-0CEB1BFB8100}.Debug|x64.Build.0 = Debug|Any CPU
		{8148C8EA-986F-42C0-976C-0CEB1BFB8100}.Release|x64.ActiveCfg = Release|Any CPU
		{8148C8EA-986F-42C0-976C-0CEB1BFB8100}.Release|x64.Build.0 = Release|Any CPU
		{32E37419-6807-428B-B21D-1503AD1D7E93}.Debug|x64.ActiveCfg = Debug|Any CPU
		{32E37419-6807-428B-B21D-1503AD1D7E93}.Debug|x64.Build.0 = Debug|Any CPU
		{32E37419-6807-428B-B21D-1503AD1D7E93}.Release|x64.ActiveCfg = Release|Any CPU
		{32E37419-6807-428B-B21D-1503AD1D7E93}.Release|x64.Build.0 = Release|Any CPU
		{3D04B370-07EC-41CA-80A1-1EFE479ABFC9}.Debug|x64.ActiveCfg = Debug|Any CPU
		{3D04B370-07EC-41CA-80A1-1EFE479ABFC9}.Debug|x64.Build.0 = Debug|Any CPU
		{3D04B370-07EC-41CA-80A1-1EFE479ABFC9}.Release|x64.ActiveCfg = Release|Any CPU
		{3D04B370-07EC-41CA-80A1-1EFE479ABFC9}.Release|x64.Build.0 = Release|Any CPU
		{6AA05DC4-D743-44A8-AE46-FE02EC1DC447}.Debug|x64.ActiveCfg = Debug|Any CPU
		{6AA05DC4-D743-44A8-AE46-FE02EC1DC447}.Debug|x64.Build.0 = Debug|Any CPU
		{6AA05DC4-D743-44A8-AE46-FE02EC1DC447}.Release|x64.ActiveCfg = Release|Any CPU
		{6AA05DC4-D743-44A8-AE46-FE02EC1DC447}.Release|x64.Build.0 = Release|Any CPU
	EndGlobalSection
	GlobalSection(SolutionProperties) = preSolution
		HideSolutionNode = FALSE
	EndGlobalSection
	GlobalSection(ExtensibilityGlobals) = postSolution
		SolutionGuid = {E0F670EC-61EA-4F23-81BA-ED9921EF5950}
	EndGlobalSection
EndGlobal
